
Microsoft Visual Studio Solution File, Format Version 12.00
# Visual Studio 15
VisualStudioVersion = 15.0.27130.2010
MinimumVisualStudioVersion = 10.0.40219.1
Project("{FAE04EC0-301F-11D3-BF4B-00C04F79EFBC}") = "NewstonsoftDemo", "NewstonsoftDemo\NewstonsoftDemo.csproj", "{D50DFC14-087A-4669-8274-7465F9C9BFA0}"
EndProject
Global
	GlobalSection(SolutionConfigurationPlatforms) = preSolution
		Debug|Any CPU = Debug|Any CPU
		Release|Any CPU = Release|Any CPU
	EndGlobalSection
	GlobalSection(ProjectConfigurationPlatforms) = postSolution
		{D50DFC14-087A-4669-8274-7465F9C9BFA0}.Debug|Any CPU.ActiveCfg = Debug|Any CPU
		{D50DFC14-087A-4669-8274-7465F9C9BFA0}.Debug|Any CPU.Build.0 = Debug|Any CPU
		{D50DFC14-087A-4669-8274-7465F9C9BFA0}.Release|Any CPU.ActiveCfg = Release|Any CPU
		{D50DFC14-087A-4669-8274-7465F9C9BFA0}.Release|Any CPU.Build.0 = Release|Any CPU
	EndGlobalSection
	GlobalSection(SolutionProperties) = preSolution
		HideSolutionNode = FALSE
	EndGlobalSection
	GlobalSection(ExtensibilityGlobals) = postSolution
		SolutionGuid = {E460B1D7-4D69-40CB-8E42-2C531486EC89}
	EndGlobalSection
EndGlobal
